
Microsoft Visual Studio Solution File, Format Version 12.00
# Visual Studio Version 16
VisualStudioVersion = 16.0.30128.74
MinimumVisualStudioVersion = 10.0.40219.1
Project("{FAE04EC0-301F-11D3-BF4B-00C04F79EFBC}") = "Snake", "Snake\Snake.csproj", "{871389D5-5A49-4256-97D4-10361EBBC026}"
EndProject
Global
	GlobalSection(SolutionConfigurationPlatforms) = preSolution
		Debug|Any CPU = Debug|Any CPU
		Release|Any CPU = Release|Any CPU
	EndGlobalSection
	GlobalSection(ProjectConfigurationPlatforms) = postSolution
		{871389D5-5A49-4256-97D4-10361EBBC026}.Debug|Any CPU.ActiveCfg = Debug|Any CPU
		{871389D5-5A49-4256-97D4-10361EBBC026}.Debug|Any CPU.Build.0 = Debug|Any CPU
		{871389D5-5A49-4256-97D4-10361EBBC026}.Release|Any CPU.ActiveCfg = Release|Any CPU
		{871389D5-5A49-4256-97D4-10361EBBC026}.Release|Any CPU.Build.0 = Release|Any CPU
	EndGlobalSection
	GlobalSection(SolutionProperties) = preSolution
		HideSolutionNode = FALSE
	EndGlobalSection
	GlobalSection(ExtensibilityGlobals) = postSolution
		SolutionGuid = {65B94DD7-12FC-4080-9BF0-2E2089208CA9}
	EndGlobalSection
EndGlobal
